
Microsoft Visual Studio Solution File, Format Version 12.00
# Visual Studio 15
VisualStudioVersion = 15.0.27004.2002
MinimumVisualStudioVersion = 10.0.40219.1
Project("{FAE04EC0-301F-11D3-BF4B-00C04F79EFBC}") = "AutoTestFoundation", "AutoTestFoundation\AutoTestFoundation.csproj", "{EE00ACA3-B15B-4E0E-8FC0-07733512F45E}"
EndProject
Project("{FAE04EC0-301F-11D3-BF4B-00C04F79EFBC}") = "SendCommand", "SendCommand\SendCommand.csproj", "{B03E1B9C-BFDE-4D69-BE6B-C0FAF024A43B}"
EndProject
Project("{FAE04EC0-301F-11D3-BF4B-00C04F79EFBC}") = "ControlCardViewer", "ControlCardViewer\ControlCardViewer.csproj", "{6361200C-C5F5-4CE8-B5A4-9ADAFFD3D6F3}"
EndProject
Project("{FAE04EC0-301F-11D3-BF4B-00C04F79EFBC}") = "AudioControl", "AudioControl\AudioControl.csproj", "{678F9DE5-5937-439E-91E0-0233E30743DE}"
EndProject
Global
	GlobalSection(SolutionConfigurationPlatforms) = preSolution
		Debug|Any CPU = Debug|Any CPU
		Release|Any CPU = Release|Any CPU
	EndGlobalSection
	GlobalSection(ProjectConfigurationPlatforms) = postSolution
		{EE00ACA3-B15B-4E0E-8FC0-07733512F45E}.Debug|Any CPU.ActiveCfg = Debug|Any CPU
		{EE00ACA3-B15B-4E0E-8FC0-07733512F45E}.Debug|Any CPU.Build.0 = Debug|Any CPU
		{EE00ACA3-B15B-4E0E-8FC0-07733512F45E}.Release|Any CPU.ActiveCfg = Release|Any CPU
		{EE00ACA3-B15B-4E0E-8FC0-07733512F45E}.Release|Any CPU.Build.0 = Release|Any CPU
		{B03E1B9C-BFDE-4D69-BE6B-C0FAF024A43B}.Debug|Any CPU.ActiveCfg = Debug|Any CPU
		{B03E1B9C-BFDE-4D69-BE6B-C0FAF024A43B}.Debug|Any CPU.Build.0 = Debug|Any CPU
		{B03E1B9C-BFDE-4D69-BE6B-C0FAF024A43B}.Release|Any CPU.ActiveCfg = Release|Any CPU
		{B03E1B9C-BFDE-4D69-BE6B-C0FAF024A43B}.Release|Any CPU.Build.0 = Release|Any CPU
		{6361200C-C5F5-4CE8-B5A4-9ADAFFD3D6F3}.Debug|Any CPU.ActiveCfg = Debug|Any CPU
		{6361200C-C5F5-4CE8-B5A4-9ADAFFD3D6F3}.Debug|Any CPU.Build.0 = Debug|Any CPU
		{6361200C-C5F5-4CE8-B5A4-9ADAFFD3D6F3}.Release|Any CPU.ActiveCfg = Release|Any CPU
		{6361200C-C5F5-4CE8-B5A4-9ADAFFD3D6F3}.Release|Any CPU.Build.0 = Release|Any CPU
		{678F9DE5-5937-439E-91E0-0233E30743DE}.Debug|Any CPU.ActiveCfg = Debug|Any CPU
		{678F9DE5-5937-439E-91E0-0233E30743DE}.Debug|Any CPU.Build.0 = Debug|Any CPU
		{678F9DE5-5937-439E-91E0-0233E30743DE}.Release|Any CPU.ActiveCfg = Release|Any CPU
		{678F9DE5-5937-439E-91E0-0233E30743DE}.Release|Any CPU.Build.0 = Release|Any CPU
	EndGlobalSection
	GlobalSection(SolutionProperties) = preSolution
		HideSolutionNode = FALSE
	EndGlobalSection
	GlobalSection(ExtensibilityGlobals) = postSolution
		SolutionGuid = {96A4E44B-632E-46B4-83C2-BC214222C8E9}
	EndGlobalSection
EndGlobal
